{
  "originHash" : "f5b109f58a49d2fe24e6576433a4be141efe3044392413f91327a6712178bf4b",
  "pins" : [
    {
      "identity" : "swift-log",
      "kind" : "remoteSourceControl",
      "location" : "https://github.com/apple/swift-log",
      "state" : {
        "revision" : "2778fd4e5a12a8aaa30a3ee8285f4ce54c5f3181",
        "version" : "1.9.1"
      }
    }
  ],
  "version" : 3
}
